
Microsoft Visual Studio Solution File, Format Version 12.00
# Visual Studio Version 17
VisualStudioVersion = 17.2.32602.215
MinimumVisualStudioVersion = 10.0.40219.1
Project("{FAE04EC0-301F-11D3-BF4B-00C04F79EFBC}") = "DesignVerification", "DesignVerification\DesignVerification.csproj", "{156F7DF8-5588-49FA-AB61-AFBCB68C00F4}"
EndProject
Global
	GlobalSection(SolutionConfigurationPlatforms) = preSolution
		Debug|Any CPU = Debug|Any CPU
		Release|Any CPU = Release|Any CPU
	EndGlobalSection
	GlobalSection(ProjectConfigurationPlatforms) = postSolution
		{156F7DF8-5588-49FA-AB61-AFBCB68C00F4}.Debug|Any CPU.ActiveCfg = Debug|Any CPU
		{156F7DF8-5588-49FA-AB61-AFBCB68C00F4}.Debug|Any CPU.Build.0 = Debug|Any CPU
		{156F7DF8-5588-49FA-AB61-AFBCB68C00F4}.Release|Any CPU.ActiveCfg = Release|Any CPU
		{156F7DF8-5588-49FA-AB61-AFBCB68C00F4}.Release|Any CPU.Build.0 = Release|Any CPU
	EndGlobalSection
	GlobalSection(SolutionProperties) = preSolution
		HideSolutionNode = FALSE
	EndGlobalSection
	GlobalSection(ExtensibilityGlobals) = postSolution
		SolutionGuid = {BC2B6629-0864-4FB1-B2AB-45DFF6252FF3}
	EndGlobalSection
EndGlobal
